// !$*UTF8*$!
{
	archiveVersion = 1;
	classes = {
	};
	objectVersion = 77;
	objects = {

/* Begin PBXBuildFile section */
		01A670CB8B7B467739C7EA58 /* Toast.swift in Sources */ = {isa = PBXBuildFile; fileRef = A652D7FC37C1A6417822DCAA /* Toast.swift */; };
		0D70EF6043AAE7D57114C6D2 /* AuthStubs.swift in Sources */ = {isa = PBXBuildFile; fileRef = 198EF6A8C6E10AE3DBF4B316 /* AuthStubs.swift */; };
		106D9C75A679DE11CFCD0644 /* SongsAPI.swift in Sources */ = {isa = PBXBuildFile; fileRef = 5ADCD09C35CE74209B76A719 /* SongsAPI.swift */; };
		11FF2BD4AC27376886104D2C /* ApplicationsCreateBodies.swift in Sources */ = {isa = PBXBuildFile; fileRef = 350CA686A2E4CE6284AA20D8 /* ApplicationsCreateBodies.swift */; };
		12D13D4914611D5D0DB127B8 /* BottomNav.swift in Sources */ = {isa = PBXBuildFile; fileRef = 1692CD80AD61B3BFA74FE01D /* BottomNav.swift */; };
		14CA30DFEF2523D29C1F9732 /* GlassSheet.swift in Sources */ = {isa = PBXBuildFile; fileRef = 7AFBB7C7CB1B14AF649FFB7D /* GlassSheet.swift */; };
		262922121023D44B3A752345 /* BusListStubs.swift in Sources */ = {isa = PBXBuildFile; fileRef = A51F55689BD2BD070068D34D /* BusListStubs.swift */; };
		2B6C0691DF7E81796FBFF7B8 /* BreadcrumbOverlay.swift in Sources */ = {isa = PBXBuildFile; fileRef = EE5E5F209C9022BFB61763C1 /* BreadcrumbOverlay.swift */; };
		32687849989CCFB7709FF663 /* BusAPI.swift in Sources */ = {isa = PBXBuildFile; fileRef = 8771AACE31B06D1D9DAF7044 /* BusAPI.swift */; };
		35A90981AB6BE0724887614C /* AppIcon.icon in Resources */ = {isa = PBXBuildFile; fileRef = B2FD432EFB4459068B330D99 /* AppIcon.icon */; };
		37152F10D001AABE5A28885B /* RootView.swift in Sources */ = {isa = PBXBuildFile; fileRef = D72F930FE0F27798C5EA8ABD /* RootView.swift */; };
		3C37F26FA83CA7D697E12260 /* TTokens.swift in Sources */ = {isa = PBXBuildFile; fileRef = DCAE320FB742688FEDA8AD6A /* TTokens.swift */; };
		3F57F0E82139A1345857FA2B /* AuthAPI.swift in Sources */ = {isa = PBXBuildFile; fileRef = 957056CB9FD91DC0E2D033C9 /* AuthAPI.swift */; };
		4737D096D1DEED27D8472AC0 /* SheetKind.swift in Sources */ = {isa = PBXBuildFile; fileRef = B522E5E1E9C32585E0C4AF54 /* SheetKind.swift */; };
		487A2063AD2055FCB58D0D41 /* CleaningAPI.swift in Sources */ = {isa = PBXBuildFile; fileRef = B6DD25F46AB2CD84E3B64879 /* CleaningAPI.swift */; };
		4A8821C5C58789727530CE99 /* RouterStore.swift in Sources */ = {isa = PBXBuildFile; fileRef = D12E5F5519B6567648A2C5E0 /* RouterStore.swift */; };
		4CC4A649A5CBA03229C7BF17 /* StudyOnlineForm.swift in Sources */ = {isa = PBXBuildFile; fileRef = 28E8541F23E43B67EBF8C833 /* StudyOnlineForm.swift */; };
		4EF492AEB1CA2FF4273DBCCF /* StayListStubs.swift in Sources */ = {isa = PBXBuildFile; fileRef = 17B7B19307005D8E2D07B44D /* StayListStubs.swift */; };
		514CAEBC12DA5C1D83417976 /* NetworkModels.swift in Sources */ = {isa = PBXBuildFile; fileRef = 42E4AC21AB2A9B05C9FDAD19 /* NetworkModels.swift */; };
		53B2C037E5B2B8FCDC16A9D5 /* RoomAssemblyTests.swift in Sources */ = {isa = PBXBuildFile; fileRef = A1C4C477355A0D8BD42F238E /* RoomAssemblyTests.swift */; };
		54242AB02A2AC7A97299C852 /* APIError.swift in Sources */ = {isa = PBXBuildFile; fileRef = 56739ED2BA471039822C2E43 /* APIError.swift */; };
		57B3CF57E92B931F3DD4D664 /* ApplicationsAPI.swift in Sources */ = {isa = PBXBuildFile; fileRef = 4871E294F8315859BF244132 /* ApplicationsAPI.swift */; };
		5ED1EEDC4A69AC06E29DAEA1 /* KeychainService.swift in Sources */ = {isa = PBXBuildFile; fileRef = 335F10F844F1671107B5A65A /* KeychainService.swift */; };
		6576C9A5CB4190A65A486233 /* ApplyFormSupport.swift in Sources */ = {isa = PBXBuildFile; fileRef = 0075F4B1C56BD52A9D418086 /* ApplyFormSupport.swift */; };
		65F3DFA2C1CECD436BCAD03F /* APIClient.swift in Sources */ = {isa = PBXBuildFile; fileRef = 3BFEC1BD19A61E61CD73B258 /* APIClient.swift */; };
		686B91E579379AA4571D92D4 /* LostFoundAPI.swift in Sources */ = {isa = PBXBuildFile; fileRef = CDA09D5E1B32E11CFD9CD320 /* LostFoundAPI.swift */; };
		691A274F05A44BEB2C3CCA56 /* ReportsAPI.swift in Sources */ = {isa = PBXBuildFile; fileRef = 13ABF064D048FE4C070B9F6A /* ReportsAPI.swift */; };
		717A2649DF90EC3426200B6D /* SeedModels.swift in Sources */ = {isa = PBXBuildFile; fileRef = C4ADECD57FEC5CA168619042 /* SeedModels.swift */; };
		72E6FABAE44A6BCEEF2FE168 /* StudentProfileAPI.swift in Sources */ = {isa = PBXBuildFile; fileRef = 6C029EB0842D846493CFE168 /* StudentProfileAPI.swift */; };
		83662A6DA84382DFF1A101D8 /* AppStore.swift in Sources */ = {isa = PBXBuildFile; fileRef = 45EEA8DBC6162B90B9119E85 /* AppStore.swift */; };
		86DDCC58FA0CF1176A9BDA4A /* IOSStatusBar.swift in Sources */ = {isa = PBXBuildFile; fileRef = 10726DB63CDE8E0313B1EB95 /* IOSStatusBar.swift */; };
		8E5969F2E87A241C9B18B7FB /* PrivacyInfo.xcprivacy in Resources */ = {isa = PBXBuildFile; fileRef = 4A1DA47ECA99A6BC826597E0 /* PrivacyInfo.xcprivacy */; };
		8F6D452D51998868F8DCCD0C /* RollCallAPI.swift in Sources */ = {isa = PBXBuildFile; fileRef = B6BED925E6CDEDFF9B146D29 /* RollCallAPI.swift */; };
		8F964714A4052D7FDE85B3A1 /* GlassBackdrop.swift in Sources */ = {isa = PBXBuildFile; fileRef = 35A6E6C6215754A03D910C0D /* GlassBackdrop.swift */; };
		901E949457B307E054D48669 /* Assets.xcassets in Resources */ = {isa = PBXBuildFile; fileRef = F5853681D4FAB97B68321735 /* Assets.xcassets */; };
		97C00CD2119310D8F7BC0725 /* ST25DVWriter.swift in Sources */ = {isa = PBXBuildFile; fileRef = 8B225E3570526D88F978C444 /* ST25DVWriter.swift */; };
		98028465FA560FC57B88380A /* TomoshibiApp.swift in Sources */ = {isa = PBXBuildFile; fileRef = 993086C5D62807475E44116A /* TomoshibiApp.swift */; };
		9D19C569089A3E9876D257CF /* UIAtoms.swift in Sources */ = {isa = PBXBuildFile; fileRef = 34F1E4B79C3FBE44EA30BC5A /* UIAtoms.swift */; };
		9D5C7625BD899998AEA129C5 /* ScheduleStubs.swift in Sources */ = {isa = PBXBuildFile; fileRef = 442041B74BB2BF0DA65D37EE /* ScheduleStubs.swift */; };
		9F98E4CC9626DDB3E7C20C57 /* PrimaryButton.swift in Sources */ = {isa = PBXBuildFile; fileRef = A126A1C40F8EB5EEE3352EB1 /* PrimaryButton.swift */; };
		9FB22C6E5D1309D2C48F336E /* EventsAPI.swift in Sources */ = {isa = PBXBuildFile; fileRef = AE8464C86A7E2262CDCEA498 /* EventsAPI.swift */; };
		AB4D2651D244A811A15C2976 /* DormLifeForms.swift in Sources */ = {isa = PBXBuildFile; fileRef = 8931D8D354707BEEA3881238 /* DormLifeForms.swift */; };
		B1E6FCA177F7821D3694AE43 /* DormLifeAPI.swift in Sources */ = {isa = PBXBuildFile; fileRef = AFDFE87D987EF1A14F86E420 /* DormLifeAPI.swift */; };
		B44CB0467883974CE94C820A /* TopRollBar.swift in Sources */ = {isa = PBXBuildFile; fileRef = 05F5108D87904D498A8215B0 /* TopRollBar.swift */; };
		B61FB76EA851BC80A2FBBE39 /* Route.swift in Sources */ = {isa = PBXBuildFile; fileRef = 05C054666A54A77C6971A7BD /* Route.swift */; };
		B97F2CD7088F960531EFF66B /* Ic.swift in Sources */ = {isa = PBXBuildFile; fileRef = AF988C23F66A4E622622302F /* Ic.swift */; };
		C4C7E090591F98DA7AC3A30F /* MailboxPayloadTests.swift in Sources */ = {isa = PBXBuildFile; fileRef = 26722AF18C0B2F3B71C54E4C /* MailboxPayloadTests.swift */; };
		C75ED6393B19EBBEE7CA1A15 /* OutingsAPI.swift in Sources */ = {isa = PBXBuildFile; fileRef = 492E8FE746273F00BC46D772 /* OutingsAPI.swift */; };
		C95132AC0325A890FD2EF1AF /* RollStateMachineTests.swift in Sources */ = {isa = PBXBuildFile; fileRef = 738D063BBD4F7D59CAA43BDB /* RollStateMachineTests.swift */; };
		CB5C431AB69BF972FFB160CB /* HomeStubs.swift in Sources */ = {isa = PBXBuildFile; fileRef = 89293A7DB55301A3F1DDE5EE /* HomeStubs.swift */; };
		CB6C60EBF2E8B39D99D2EBFB /* StudentNotificationsAPI.swift in Sources */ = {isa = PBXBuildFile; fileRef = 3DDADF6E6A307FDC44A24B71 /* StudentNotificationsAPI.swift */; };
		CF76384DA126CF63F99BE13E /* StudyAPI.swift in Sources */ = {isa = PBXBuildFile; fileRef = DD89B96B9E1EC056A73411B6 /* StudyAPI.swift */; };
		D802FA046E6B50B968F5826F /* MyPageStubs.swift in Sources */ = {isa = PBXBuildFile; fileRef = 7E749CA72863EC4E0022C7B6 /* MyPageStubs.swift */; };
		DA74DBACDF5EF9838F3C3074 /* ContractFilePicker.swift in Sources */ = {isa = PBXBuildFile; fileRef = 3CBDB568ECB28D9A0A03BAD7 /* ContractFilePicker.swift */; };
		DC10F180648C72B3AFE7FC7A /* ApplyKindMapper.swift in Sources */ = {isa = PBXBuildFile; fileRef = D9F9195E1F96E80AEAC17364 /* ApplyKindMapper.swift */; };
		E363F1F7E2C186333C36782E /* Field.swift in Sources */ = {isa = PBXBuildFile; fileRef = D734F5CB9CBD861BD4D82C41 /* Field.swift */; };
		E4AB919291B8E27C9C51FCA0 /* CommunityStubs.swift in Sources */ = {isa = PBXBuildFile; fileRef = 99F52CBEB752D76838E1AA05 /* CommunityStubs.swift */; };
		E4C1958B49FF45489E64274B /* MappingDecodingTests.swift in Sources */ = {isa = PBXBuildFile; fileRef = A1812C93A79A57A544D02857 /* MappingDecodingTests.swift */; };
		F1F5E6C1E23B86A21B0EE849 /* APIErrorPresenter.swift in Sources */ = {isa = PBXBuildFile; fileRef = 8F9FAF40754D51FE50898CA8 /* APIErrorPresenter.swift */; };
		F2032E9BF093EAA2F43FEDD8 /* PageHeader.swift in Sources */ = {isa = PBXBuildFile; fileRef = F2DAAF1321A2D7F362D8DAA1 /* PageHeader.swift */; };
		F55F4FC9A7444F2E2004E521 /* GlassCard.swift in Sources */ = {isa = PBXBuildFile; fileRef = 889D1EB8DA1127DE3F18DDA2 /* GlassCard.swift */; };
		F67686555C566AF6C807A839 /* GlobalOverlays.swift in Sources */ = {isa = PBXBuildFile; fileRef = 3890FA991AB039C6830E6710 /* GlobalOverlays.swift */; };
		F7D5612FC374813C3DD41675 /* ApplyStubs.swift in Sources */ = {isa = PBXBuildFile; fileRef = 153F3098DCB9936D8021790F /* ApplyStubs.swift */; };
		FD707A891E88A4D9A233DEE0 /* MiscRequestsAPI.swift in Sources */ = {isa = PBXBuildFile; fileRef = 4FE1BD23BC071D9183656B2B /* MiscRequestsAPI.swift */; };
		FDC8E189629ACE9559758360 /* ViewCompat.swift in Sources */ = {isa = PBXBuildFile; fileRef = 89751E6898BFC299634AAB48 /* ViewCompat.swift */; };
		FF1F6559CB40440FDA1C5739 /* SEED.swift in Sources */ = {isa = PBXBuildFile; fileRef = 284355530CF272CA953BF511 /* SEED.swift */; };
/* End PBXBuildFile section */

/* Begin PBXContainerItemProxy section */
		4159076E62810301EB1D9479 /* PBXContainerItemProxy */ = {
			isa = PBXContainerItemProxy;
			containerPortal = 20E9B96DECC3EDF120F354D0 /* Project object */;
			proxyType = 1;
			remoteGlobalIDString = A91187321EBED0A24FCED0C1;
			remoteInfo = TomoshibiApp;
		};
/* End PBXContainerItemProxy section */

/* Begin PBXFileReference section */
		0075F4B1C56BD52A9D418086 /* ApplyFormSupport.swift */ = {isa = PBXFileReference; lastKnownFileType = sourcecode.swift; path = ApplyFormSupport.swift; sourceTree = "<group>"; };
		05C054666A54A77C6971A7BD /* Route.swift */ = {isa = PBXFileReference; lastKnownFileType = sourcecode.swift; path = Route.swift; sourceTree = "<group>"; };
		05F5108D87904D498A8215B0 /* TopRollBar.swift */ = {isa = PBXFileReference; lastKnownFileType = sourcecode.swift; path = TopRollBar.swift; sourceTree = "<group>"; };
		10726DB63CDE8E0313B1EB95 /* IOSStatusBar.swift */ = {isa = PBXFileReference; lastKnownFileType = sourcecode.swift; path = IOSStatusBar.swift; sourceTree = "<group>"; };
		13ABF064D048FE4C070B9F6A /* ReportsAPI.swift */ = {isa = PBXFileReference; lastKnownFileType = sourcecode.swift; path = ReportsAPI.swift; sourceTree = "<group>"; };
		153F3098DCB9936D8021790F /* ApplyStubs.swift */ = {isa = PBXFileReference; lastKnownFileType = sourcecode.swift; path = ApplyStubs.swift; sourceTree = "<group>"; };
		1692CD80AD61B3BFA74FE01D /* BottomNav.swift */ = {isa = PBXFileReference; lastKnownFileType = sourcecode.swift; path = BottomNav.swift; sourceTree = "<group>"; };
		17B7B19307005D8E2D07B44D /* StayListStubs.swift */ = {isa = PBXFileReference; lastKnownFileType = sourcecode.swift; path = StayListStubs.swift; sourceTree = "<group>"; };
		18F25536D77C2040621B8A7D /* TomoshibiAppTests.xctest */ = {isa = PBXFileReference; includeInIndex = 0; lastKnownFileType = wrapper.cfbundle; path = TomoshibiAppTests.xctest; sourceTree = BUILT_PRODUCTS_DIR; };
		198EF6A8C6E10AE3DBF4B316 /* AuthStubs.swift */ = {isa = PBXFileReference; lastKnownFileType = sourcecode.swift; path = AuthStubs.swift; sourceTree = "<group>"; };
		26722AF18C0B2F3B71C54E4C /* MailboxPayloadTests.swift */ = {isa = PBXFileReference; lastKnownFileType = sourcecode.swift; path = MailboxPayloadTests.swift; sourceTree = "<group>"; };
		284355530CF272CA953BF511 /* SEED.swift */ = {isa = PBXFileReference; lastKnownFileType = sourcecode.swift; path = SEED.swift; sourceTree = "<group>"; };
		28E8541F23E43B67EBF8C833 /* StudyOnlineForm.swift */ = {isa = PBXFileReference; lastKnownFileType = sourcecode.swift; path = StudyOnlineForm.swift; sourceTree = "<group>"; };
		335F10F844F1671107B5A65A /* KeychainService.swift */ = {isa = PBXFileReference; lastKnownFileType = sourcecode.swift; path = KeychainService.swift; sourceTree = "<group>"; };
		34F1E4B79C3FBE44EA30BC5A /* UIAtoms.swift */ = {isa = PBXFileReference; lastKnownFileType = sourcecode.swift; path = UIAtoms.swift; sourceTree = "<group>"; };
		350CA686A2E4CE6284AA20D8 /* ApplicationsCreateBodies.swift */ = {isa = PBXFileReference; lastKnownFileType = sourcecode.swift; path = ApplicationsCreateBodies.swift; sourceTree = "<group>"; };
		35A6E6C6215754A03D910C0D /* GlassBackdrop.swift */ = {isa = PBXFileReference; lastKnownFileType = sourcecode.swift; path = GlassBackdrop.swift; sourceTree = "<group>"; };
		3890FA991AB039C6830E6710 /* GlobalOverlays.swift */ = {isa = PBXFileReference; lastKnownFileType = sourcecode.swift; path = GlobalOverlays.swift; sourceTree = "<group>"; };
		3BFEC1BD19A61E61CD73B258 /* APIClient.swift */ = {isa = PBXFileReference; lastKnownFileType = sourcecode.swift; path = APIClient.swift; sourceTree = "<group>"; };
		3CBDB568ECB28D9A0A03BAD7 /* ContractFilePicker.swift */ = {isa = PBXFileReference; lastKnownFileType = sourcecode.swift; path = ContractFilePicker.swift; sourceTree = "<group>"; };
		3DDADF6E6A307FDC44A24B71 /* StudentNotificationsAPI.swift */ = {isa = PBXFileReference; lastKnownFileType = sourcecode.swift; path = StudentNotificationsAPI.swift; sourceTree = "<group>"; };
		42E4AC21AB2A9B05C9FDAD19 /* NetworkModels.swift */ = {isa = PBXFileReference; lastKnownFileType = sourcecode.swift; path = NetworkModels.swift; sourceTree = "<group>"; };
		442041B74BB2BF0DA65D37EE /* ScheduleStubs.swift */ = {isa = PBXFileReference; lastKnownFileType = sourcecode.swift; path = ScheduleStubs.swift; sourceTree = "<group>"; };
		45EEA8DBC6162B90B9119E85 /* AppStore.swift */ = {isa = PBXFileReference; lastKnownFileType = sourcecode.swift; path = AppStore.swift; sourceTree = "<group>"; };
		4871E294F8315859BF244132 /* ApplicationsAPI.swift */ = {isa = PBXFileReference; lastKnownFileType = sourcecode.swift; path = ApplicationsAPI.swift; sourceTree = "<group>"; };
		492E8FE746273F00BC46D772 /* OutingsAPI.swift */ = {isa = PBXFileReference; lastKnownFileType = sourcecode.swift; path = OutingsAPI.swift; sourceTree = "<group>"; };
		4A1DA47ECA99A6BC826597E0 /* PrivacyInfo.xcprivacy */ = {isa = PBXFileReference; path = PrivacyInfo.xcprivacy; sourceTree = "<group>"; };
		4FE1BD23BC071D9183656B2B /* MiscRequestsAPI.swift */ = {isa = PBXFileReference; lastKnownFileType = sourcecode.swift; path = MiscRequestsAPI.swift; sourceTree = "<group>"; };
		56739ED2BA471039822C2E43 /* APIError.swift */ = {isa = PBXFileReference; lastKnownFileType = sourcecode.swift; path = APIError.swift; sourceTree = "<group>"; };
		5802FFC4938B6F524F6703C5 /* TomoshibiApp.app */ = {isa = PBXFileReference; includeInIndex = 0; lastKnownFileType = wrapper.application; path = TomoshibiApp.app; sourceTree = BUILT_PRODUCTS_DIR; };
		5ADCD09C35CE74209B76A719 /* SongsAPI.swift */ = {isa = PBXFileReference; lastKnownFileType = sourcecode.swift; path = SongsAPI.swift; sourceTree = "<group>"; };
		6C029EB0842D846493CFE168 /* StudentProfileAPI.swift */ = {isa = PBXFileReference; lastKnownFileType = sourcecode.swift; path = StudentProfileAPI.swift; sourceTree = "<group>"; };
		738D063BBD4F7D59CAA43BDB /* RollStateMachineTests.swift */ = {isa = PBXFileReference; lastKnownFileType = sourcecode.swift; path = RollStateMachineTests.swift; sourceTree = "<group>"; };
		7AFBB7C7CB1B14AF649FFB7D /* GlassSheet.swift */ = {isa = PBXFileReference; lastKnownFileType = sourcecode.swift; path = GlassSheet.swift; sourceTree = "<group>"; };
		7E749CA72863EC4E0022C7B6 /* MyPageStubs.swift */ = {isa = PBXFileReference; lastKnownFileType = sourcecode.swift; path = MyPageStubs.swift; sourceTree = "<group>"; };
		8771AACE31B06D1D9DAF7044 /* BusAPI.swift */ = {isa = PBXFileReference; lastKnownFileType = sourcecode.swift; path = BusAPI.swift; sourceTree = "<group>"; };
		889D1EB8DA1127DE3F18DDA2 /* GlassCard.swift */ = {isa = PBXFileReference; lastKnownFileType = sourcecode.swift; path = GlassCard.swift; sourceTree = "<group>"; };
		89293A7DB55301A3F1DDE5EE /* HomeStubs.swift */ = {isa = PBXFileReference; lastKnownFileType = sourcecode.swift; path = HomeStubs.swift; sourceTree = "<group>"; };
		8931D8D354707BEEA3881238 /* DormLifeForms.swift */ = {isa = PBXFileReference; lastKnownFileType = sourcecode.swift; path = DormLifeForms.swift; sourceTree = "<group>"; };
		89751E6898BFC299634AAB48 /* ViewCompat.swift */ = {isa = PBXFileReference; lastKnownFileType = sourcecode.swift; path = ViewCompat.swift; sourceTree = "<group>"; };
		8B225E3570526D88F978C444 /* ST25DVWriter.swift */ = {isa = PBXFileReference; lastKnownFileType = sourcecode.swift; path = ST25DVWriter.swift; sourceTree = "<group>"; };
		8F9FAF40754D51FE50898CA8 /* APIErrorPresenter.swift */ = {isa = PBXFileReference; lastKnownFileType = sourcecode.swift; path = APIErrorPresenter.swift; sourceTree = "<group>"; };
		957056CB9FD91DC0E2D033C9 /* AuthAPI.swift */ = {isa = PBXFileReference; lastKnownFileType = sourcecode.swift; path = AuthAPI.swift; sourceTree = "<group>"; };
		993086C5D62807475E44116A /* TomoshibiApp.swift */ = {isa = PBXFileReference; lastKnownFileType = sourcecode.swift; path = TomoshibiApp.swift; sourceTree = "<group>"; };
		99F52CBEB752D76838E1AA05 /* CommunityStubs.swift */ = {isa = PBXFileReference; lastKnownFileType = sourcecode.swift; path = CommunityStubs.swift; sourceTree = "<group>"; };
		A126A1C40F8EB5EEE3352EB1 /* PrimaryButton.swift */ = {isa = PBXFileReference; lastKnownFileType = sourcecode.swift; path = PrimaryButton.swift; sourceTree = "<group>"; };
		A1812C93A79A57A544D02857 /* MappingDecodingTests.swift */ = {isa = PBXFileReference; lastKnownFileType = sourcecode.swift; path = MappingDecodingTests.swift; sourceTree = "<group>"; };
		A1C4C477355A0D8BD42F238E /* RoomAssemblyTests.swift */ = {isa = PBXFileReference; lastKnownFileType = sourcecode.swift; path = RoomAssemblyTests.swift; sourceTree = "<group>"; };
		A51F55689BD2BD070068D34D /* BusListStubs.swift */ = {isa = PBXFileReference; lastKnownFileType = sourcecode.swift; path = BusListStubs.swift; sourceTree = "<group>"; };
		A652D7FC37C1A6417822DCAA /* Toast.swift */ = {isa = PBXFileReference; lastKnownFileType = sourcecode.swift; path = Toast.swift; sourceTree = "<group>"; };
		AE8464C86A7E2262CDCEA498 /* EventsAPI.swift */ = {isa = PBXFileReference; lastKnownFileType = sourcecode.swift; path = EventsAPI.swift; sourceTree = "<group>"; };
		AF988C23F66A4E622622302F /* Ic.swift */ = {isa = PBXFileReference; lastKnownFileType = sourcecode.swift; path = Ic.swift; sourceTree = "<group>"; };
		AFDFE87D987EF1A14F86E420 /* DormLifeAPI.swift */ = {isa = PBXFileReference; lastKnownFileType = sourcecode.swift; path = DormLifeAPI.swift; sourceTree = "<group>"; };
		B2FD432EFB4459068B330D99 /* AppIcon.icon */ = {isa = PBXFileReference; lastKnownFileType = wrapper.icon; path = AppIcon.icon; sourceTree = "<group>"; };
		B522E5E1E9C32585E0C4AF54 /* SheetKind.swift */ = {isa = PBXFileReference; lastKnownFileType = sourcecode.swift; path = SheetKind.swift; sourceTree = "<group>"; };
		B6BED925E6CDEDFF9B146D29 /* RollCallAPI.swift */ = {isa = PBXFileReference; lastKnownFileType = sourcecode.swift; path = RollCallAPI.swift; sourceTree = "<group>"; };
		B6DD25F46AB2CD84E3B64879 /* CleaningAPI.swift */ = {isa = PBXFileReference; lastKnownFileType = sourcecode.swift; path = CleaningAPI.swift; sourceTree = "<group>"; };
		C4ADECD57FEC5CA168619042 /* SeedModels.swift */ = {isa = PBXFileReference; lastKnownFileType = sourcecode.swift; path = SeedModels.swift; sourceTree = "<group>"; };
		CDA09D5E1B32E11CFD9CD320 /* LostFoundAPI.swift */ = {isa = PBXFileReference; lastKnownFileType = sourcecode.swift; path = LostFoundAPI.swift; sourceTree = "<group>"; };
		D12E5F5519B6567648A2C5E0 /* RouterStore.swift */ = {isa = PBXFileReference; lastKnownFileType = sourcecode.swift; path = RouterStore.swift; sourceTree = "<group>"; };
		D72F930FE0F27798C5EA8ABD /* RootView.swift */ = {isa = PBXFileReference; lastKnownFileType = sourcecode.swift; path = RootView.swift; sourceTree = "<group>"; };
		D734F5CB9CBD861BD4D82C41 /* Field.swift */ = {isa = PBXFileReference; lastKnownFileType = sourcecode.swift; path = Field.swift; sourceTree = "<group>"; };
		D9F9195E1F96E80AEAC17364 /* ApplyKindMapper.swift */ = {isa = PBXFileReference; lastKnownFileType = sourcecode.swift; path = ApplyKindMapper.swift; sourceTree = "<group>"; };
		DBE936BE66DC8C3A710E9313 /* TomoshibiApp.entitlements */ = {isa = PBXFileReference; lastKnownFileType = text.plist.entitlements; path = TomoshibiApp.entitlements; sourceTree = "<group>"; };
		DCAE320FB742688FEDA8AD6A /* TTokens.swift */ = {isa = PBXFileReference; lastKnownFileType = sourcecode.swift; path = TTokens.swift; sourceTree = "<group>"; };
		DD89B96B9E1EC056A73411B6 /* StudyAPI.swift */ = {isa = PBXFileReference; lastKnownFileType = sourcecode.swift; path = StudyAPI.swift; sourceTree = "<group>"; };
		EE5E5F209C9022BFB61763C1 /* BreadcrumbOverlay.swift */ = {isa = PBXFileReference; lastKnownFileType = sourcecode.swift; path = BreadcrumbOverlay.swift; sourceTree = "<group>"; };
		F2DAAF1321A2D7F362D8DAA1 /* PageHeader.swift */ = {isa = PBXFileReference; lastKnownFileType = sourcecode.swift; path = PageHeader.swift; sourceTree = "<group>"; };
		F5853681D4FAB97B68321735 /* Assets.xcassets */ = {isa = PBXFileReference; lastKnownFileType = folder.assetcatalog; path = Assets.xcassets; sourceTree = "<group>"; };
/* End PBXFileReference section */

/* Begin PBXGroup section */
		05231B3D980B5DB7AA307B3E /* Endpoints */ = {
			isa = PBXGroup;
			children = (
				4871E294F8315859BF244132 /* ApplicationsAPI.swift */,
				350CA686A2E4CE6284AA20D8 /* ApplicationsCreateBodies.swift */,
				957056CB9FD91DC0E2D033C9 /* AuthAPI.swift */,
				8771AACE31B06D1D9DAF7044 /* BusAPI.swift */,
				B6DD25F46AB2CD84E3B64879 /* CleaningAPI.swift */,
				AFDFE87D987EF1A14F86E420 /* DormLifeAPI.swift */,
				AE8464C86A7E2262CDCEA498 /* EventsAPI.swift */,
				CDA09D5E1B32E11CFD9CD320 /* LostFoundAPI.swift */,
				4FE1BD23BC071D9183656B2B /* MiscRequestsAPI.swift */,
				492E8FE746273F00BC46D772 /* OutingsAPI.swift */,
				13ABF064D048FE4C070B9F6A /* ReportsAPI.swift */,
				B6BED925E6CDEDFF9B146D29 /* RollCallAPI.swift */,
				5ADCD09C35CE74209B76A719 /* SongsAPI.swift */,
				3DDADF6E6A307FDC44A24B71 /* StudentNotificationsAPI.swift */,
				6C029EB0842D846493CFE168 /* StudentProfileAPI.swift */,
				DD89B96B9E1EC056A73411B6 /* StudyAPI.swift */,
			);
			path = Endpoints;
			sourceTree = "<group>";
		};
		08F1A9DF117742AAD6C72579 /* Foundation */ = {
			isa = PBXGroup;
			children = (
				3F8D291F482466C3B043E598 /* AppState */,
				BC5AB6C73F8ADE3238C4271C /* Components */,
				3FFA2ACF1A34592781B30830 /* LiquidGlass */,
				2CE5CBA17D464ABF9A63CC0D /* Network */,
				A3CEF3D1BA5E9AE34CA0600A /* Routing */,
				E53CA7A6EAA0BE426B1A4507 /* Seed */,
				D4D366B39149EDA498ACDCF2 /* Theme */,
			);
			path = Foundation;
			sourceTree = "<group>";
		};
		0BFD6FBF00565EB4C34F2B38 /* StayList */ = {
			isa = PBXGroup;
			children = (
				17B7B19307005D8E2D07B44D /* StayListStubs.swift */,
			);
			path = StayList;
			sourceTree = "<group>";
		};
		10C4DC5A316E036B6F489087 /* NFC */ = {
			isa = PBXGroup;
			children = (
				8B225E3570526D88F978C444 /* ST25DVWriter.swift */,
			);
			path = NFC;
			sourceTree = "<group>";
		};
		16A401D72828F09F8347CEEF /* Features */ = {
			isa = PBXGroup;
			children = (
				6A45EC345A8D9575CA29A0F6 /* Apply */,
				2CFF476B8B2F6B1CFA41F6F6 /* Auth */,
				D37F68525B718C64FA104315 /* BusList */,
				832D59404B9B7E11EE3FB472 /* Community */,
				5F87026CA26B67689D4998A7 /* Home */,
				CEF19CC4C3B59B1D29592A7C /* MyPage */,
				D36593E92C3CD765F801751E /* Schedule */,
				0BFD6FBF00565EB4C34F2B38 /* StayList */,
			);
			path = Features;
			sourceTree = "<group>";
		};
		1CF8CD4DD7E1CA60A4173809 /* Products */ = {
			isa = PBXGroup;
			children = (
				5802FFC4938B6F524F6703C5 /* TomoshibiApp.app */,
				18F25536D77C2040621B8A7D /* TomoshibiAppTests.xctest */,
			);
			name = Products;
			sourceTree = "<group>";
		};
		223E229399714838C48E1EDF /* Root */ = {
			isa = PBXGroup;
			children = (
				3890FA991AB039C6830E6710 /* GlobalOverlays.swift */,
				D72F930FE0F27798C5EA8ABD /* RootView.swift */,
			);
			path = Root;
			sourceTree = "<group>";
		};
		2CE5CBA17D464ABF9A63CC0D /* Network */ = {
			isa = PBXGroup;
			children = (
				05231B3D980B5DB7AA307B3E /* Endpoints */,
				4DBA3CECFBFBD4167AFD9A52 /* Mappers */,
				10C4DC5A316E036B6F489087 /* NFC */,
				3BFEC1BD19A61E61CD73B258 /* APIClient.swift */,
				56739ED2BA471039822C2E43 /* APIError.swift */,
				8F9FAF40754D51FE50898CA8 /* APIErrorPresenter.swift */,
				335F10F844F1671107B5A65A /* KeychainService.swift */,
				42E4AC21AB2A9B05C9FDAD19 /* NetworkModels.swift */,
			);
			path = Network;
			sourceTree = "<group>";
		};
		2CFF476B8B2F6B1CFA41F6F6 /* Auth */ = {
			isa = PBXGroup;
			children = (
				198EF6A8C6E10AE3DBF4B316 /* AuthStubs.swift */,
			);
			path = Auth;
			sourceTree = "<group>";
		};
		3F8D291F482466C3B043E598 /* AppState */ = {
			isa = PBXGroup;
			children = (
				45EEA8DBC6162B90B9119E85 /* AppStore.swift */,
				B522E5E1E9C32585E0C4AF54 /* SheetKind.swift */,
			);
			path = AppState;
			sourceTree = "<group>";
		};
		3FFA2ACF1A34592781B30830 /* LiquidGlass */ = {
			isa = PBXGroup;
			children = (
				35A6E6C6215754A03D910C0D /* GlassBackdrop.swift */,
				889D1EB8DA1127DE3F18DDA2 /* GlassCard.swift */,
				7AFBB7C7CB1B14AF649FFB7D /* GlassSheet.swift */,
			);
			path = LiquidGlass;
			sourceTree = "<group>";
		};
		4DBA3CECFBFBD4167AFD9A52 /* Mappers */ = {
			isa = PBXGroup;
			children = (
				D9F9195E1F96E80AEAC17364 /* ApplyKindMapper.swift */,
			);
			path = Mappers;
			sourceTree = "<group>";
		};
		5F87026CA26B67689D4998A7 /* Home */ = {
			isa = PBXGroup;
			children = (
				89293A7DB55301A3F1DDE5EE /* HomeStubs.swift */,
			);
			path = Home;
			sourceTree = "<group>";
		};
		6A45EC345A8D9575CA29A0F6 /* Apply */ = {
			isa = PBXGroup;
			children = (
				0075F4B1C56BD52A9D418086 /* ApplyFormSupport.swift */,
				153F3098DCB9936D8021790F /* ApplyStubs.swift */,
				8931D8D354707BEEA3881238 /* DormLifeForms.swift */,
				28E8541F23E43B67EBF8C833 /* StudyOnlineForm.swift */,
			);
			path = Apply;
			sourceTree = "<group>";
		};
		6F79FEE4EFFC2462950D53D9 /* TomoshibiAppTests */ = {
			isa = PBXGroup;
			children = (
				26722AF18C0B2F3B71C54E4C /* MailboxPayloadTests.swift */,
				A1812C93A79A57A544D02857 /* MappingDecodingTests.swift */,
				738D063BBD4F7D59CAA43BDB /* RollStateMachineTests.swift */,
				A1C4C477355A0D8BD42F238E /* RoomAssemblyTests.swift */,
			);
			path = TomoshibiAppTests;
			sourceTree = "<group>";
		};
		832D59404B9B7E11EE3FB472 /* Community */ = {
			isa = PBXGroup;
			children = (
				99F52CBEB752D76838E1AA05 /* CommunityStubs.swift */,
			);
			path = Community;
			sourceTree = "<group>";
		};
		9C2CA1F91680EB7292479047 /* TomoshibiApp */ = {
			isa = PBXGroup;
			children = (
				16A401D72828F09F8347CEEF /* Features */,
				08F1A9DF117742AAD6C72579 /* Foundation */,
				223E229399714838C48E1EDF /* Root */,
				B2FD432EFB4459068B330D99 /* AppIcon.icon */,
				F5853681D4FAB97B68321735 /* Assets.xcassets */,
				4A1DA47ECA99A6BC826597E0 /* PrivacyInfo.xcprivacy */,
				DBE936BE66DC8C3A710E9313 /* TomoshibiApp.entitlements */,
				993086C5D62807475E44116A /* TomoshibiApp.swift */,
			);
			path = TomoshibiApp;
			sourceTree = "<group>";
		};
		A3CEF3D1BA5E9AE34CA0600A /* Routing */ = {
			isa = PBXGroup;
			children = (
				05C054666A54A77C6971A7BD /* Route.swift */,
				D12E5F5519B6567648A2C5E0 /* RouterStore.swift */,
			);
			path = Routing;
			sourceTree = "<group>";
		};
		BC5AB6C73F8ADE3238C4271C /* Components */ = {
			isa = PBXGroup;
			children = (
				F527AD5E97BA571CFB100658 /* Icons */,
				1692CD80AD61B3BFA74FE01D /* BottomNav.swift */,
				EE5E5F209C9022BFB61763C1 /* BreadcrumbOverlay.swift */,
				3CBDB568ECB28D9A0A03BAD7 /* ContractFilePicker.swift */,
				D734F5CB9CBD861BD4D82C41 /* Field.swift */,
				10726DB63CDE8E0313B1EB95 /* IOSStatusBar.swift */,
				F2DAAF1321A2D7F362D8DAA1 /* PageHeader.swift */,
				A126A1C40F8EB5EEE3352EB1 /* PrimaryButton.swift */,
				A652D7FC37C1A6417822DCAA /* Toast.swift */,
				05F5108D87904D498A8215B0 /* TopRollBar.swift */,
				34F1E4B79C3FBE44EA30BC5A /* UIAtoms.swift */,
				89751E6898BFC299634AAB48 /* ViewCompat.swift */,
			);
			path = Components;
			sourceTree = "<group>";
		};
		BF10B7BAB929948D9CC4D8BD = {
			isa = PBXGroup;
			children = (
				9C2CA1F91680EB7292479047 /* TomoshibiApp */,
				6F79FEE4EFFC2462950D53D9 /* TomoshibiAppTests */,
				1CF8CD4DD7E1CA60A4173809 /* Products */,
			);
			sourceTree = "<group>";
		};
		CEF19CC4C3B59B1D29592A7C /* MyPage */ = {
			isa = PBXGroup;
			children = (
				7E749CA72863EC4E0022C7B6 /* MyPageStubs.swift */,
			);
			path = MyPage;
			sourceTree = "<group>";
		};
		D36593E92C3CD765F801751E /* Schedule */ = {
			isa = PBXGroup;
			children = (
				442041B74BB2BF0DA65D37EE /* ScheduleStubs.swift */,
			);
			path = Schedule;
			sourceTree = "<group>";
		};
		D37F68525B718C64FA104315 /* BusList */ = {
			isa = PBXGroup;
			children = (
				A51F55689BD2BD070068D34D /* BusListStubs.swift */,
			);
			path = BusList;
			sourceTree = "<group>";
		};
		D4D366B39149EDA498ACDCF2 /* Theme */ = {
			isa = PBXGroup;
			children = (
				DCAE320FB742688FEDA8AD6A /* TTokens.swift */,
			);
			path = Theme;
			sourceTree = "<group>";
		};
		E53CA7A6EAA0BE426B1A4507 /* Seed */ = {
			isa = PBXGroup;
			children = (
				284355530CF272CA953BF511 /* SEED.swift */,
				C4ADECD57FEC5CA168619042 /* SeedModels.swift */,
			);
			path = Seed;
			sourceTree = "<group>";
		};
		F527AD5E97BA571CFB100658 /* Icons */ = {
			isa = PBXGroup;
			children = (
				AF988C23F66A4E622622302F /* Ic.swift */,
			);
			path = Icons;
			sourceTree = "<group>";
		};
/* End PBXGroup section */

/* Begin PBXNativeTarget section */
		01DFC0FF25CE3AECDAECA87C /* TomoshibiAppTests */ = {
			isa = PBXNativeTarget;
			buildConfigurationList = D0F1784C8CA2DA76D2DAAA9C /* Build configuration list for PBXNativeTarget "TomoshibiAppTests" */;
			buildPhases = (
				79B3BDFE37626C5DD3C07BEF /* Sources */,
			);
			buildRules = (
			);
			dependencies = (
				17E3CB59E81B14C80FFC357B /* PBXTargetDependency */,
			);
			name = TomoshibiAppTests;
			packageProductDependencies = (
			);
			productName = TomoshibiAppTests;
			productReference = 18F25536D77C2040621B8A7D /* TomoshibiAppTests.xctest */;
			productType = "com.apple.product-type.bundle.unit-test";
		};
		A91187321EBED0A24FCED0C1 /* TomoshibiApp */ = {
			isa = PBXNativeTarget;
			buildConfigurationList = 85CCC4FE2446162A3C3A5C96 /* Build configuration list for PBXNativeTarget "TomoshibiApp" */;
			buildPhases = (
				34CFFB66A342CA5786FC83B1 /* Sources */,
				53A22FE84C4ACC4C716A37CE /* Resources */,
			);
			buildRules = (
			);
			dependencies = (
			);
			name = TomoshibiApp;
			packageProductDependencies = (
			);
			productName = TomoshibiApp;
			productReference = 5802FFC4938B6F524F6703C5 /* TomoshibiApp.app */;
			productType = "com.apple.product-type.application";
		};
/* End PBXNativeTarget section */

/* Begin PBXProject section */
		20E9B96DECC3EDF120F354D0 /* Project object */ = {
			isa = PBXProject;
			attributes = {
				BuildIndependentTargetsInParallel = YES;
				LastUpgradeCheck = 2600;
				TargetAttributes = {
					01DFC0FF25CE3AECDAECA87C = {
						DevelopmentTeam = DCQ2KT5ZA9;
						ProvisioningStyle = Automatic;
					};
					A91187321EBED0A24FCED0C1 = {
						DevelopmentTeam = DCQ2KT5ZA9;
						ProvisioningStyle = Automatic;
					};
				};
			};
			buildConfigurationList = E558AE893037B1418936CAF5 /* Build configuration list for PBXProject "TomoshibiApp" */;
			developmentRegion = en;
			hasScannedForEncodings = 0;
			knownRegions = (
				Base,
				en,
			);
			mainGroup = BF10B7BAB929948D9CC4D8BD;
			minimizedProjectReferenceProxies = 1;
			preferredProjectObjectVersion = 77;
			productRefGroup = 1CF8CD4DD7E1CA60A4173809 /* Products */;
			projectDirPath = "";
			projectRoot = "";
			targets = (
				A91187321EBED0A24FCED0C1 /* TomoshibiApp */,
				01DFC0FF25CE3AECDAECA87C /* TomoshibiAppTests */,
			);
		};
/* End PBXProject section */

/* Begin PBXResourcesBuildPhase section */
		53A22FE84C4ACC4C716A37CE /* Resources */ = {
			isa = PBXResourcesBuildPhase;
			buildActionMask = 2147483647;
			files = (
				35A90981AB6BE0724887614C /* AppIcon.icon in Resources */,
				901E949457B307E054D48669 /* Assets.xcassets in Resources */,
				8E5969F2E87A241C9B18B7FB /* PrivacyInfo.xcprivacy in Resources */,
			);
			runOnlyForDeploymentPostprocessing = 0;
		};
/* End PBXResourcesBuildPhase section */

/* Begin PBXSourcesBuildPhase section */
		34CFFB66A342CA5786FC83B1 /* Sources */ = {
			isa = PBXSourcesBuildPhase;
			buildActionMask = 2147483647;
			files = (
				65F3DFA2C1CECD436BCAD03F /* APIClient.swift in Sources */,
				54242AB02A2AC7A97299C852 /* APIError.swift in Sources */,
				F1F5E6C1E23B86A21B0EE849 /* APIErrorPresenter.swift in Sources */,
				83662A6DA84382DFF1A101D8 /* AppStore.swift in Sources */,
				57B3CF57E92B931F3DD4D664 /* ApplicationsAPI.swift in Sources */,
				11FF2BD4AC27376886104D2C /* ApplicationsCreateBodies.swift in Sources */,
				6576C9A5CB4190A65A486233 /* ApplyFormSupport.swift in Sources */,
				DC10F180648C72B3AFE7FC7A /* ApplyKindMapper.swift in Sources */,
				F7D5612FC374813C3DD41675 /* ApplyStubs.swift in Sources */,
				3F57F0E82139A1345857FA2B /* AuthAPI.swift in Sources */,
				0D70EF6043AAE7D57114C6D2 /* AuthStubs.swift in Sources */,
				12D13D4914611D5D0DB127B8 /* BottomNav.swift in Sources */,
				2B6C0691DF7E81796FBFF7B8 /* BreadcrumbOverlay.swift in Sources */,
				32687849989CCFB7709FF663 /* BusAPI.swift in Sources */,
				262922121023D44B3A752345 /* BusListStubs.swift in Sources */,
				487A2063AD2055FCB58D0D41 /* CleaningAPI.swift in Sources */,
				E4AB919291B8E27C9C51FCA0 /* CommunityStubs.swift in Sources */,
				DA74DBACDF5EF9838F3C3074 /* ContractFilePicker.swift in Sources */,
				B1E6FCA177F7821D3694AE43 /* DormLifeAPI.swift in Sources */,
				AB4D2651D244A811A15C2976 /* DormLifeForms.swift in Sources */,
				9FB22C6E5D1309D2C48F336E /* EventsAPI.swift in Sources */,
				E363F1F7E2C186333C36782E /* Field.swift in Sources */,
				8F964714A4052D7FDE85B3A1 /* GlassBackdrop.swift in Sources */,
				F55F4FC9A7444F2E2004E521 /* GlassCard.swift in Sources */,
				14CA30DFEF2523D29C1F9732 /* GlassSheet.swift in Sources */,
				F67686555C566AF6C807A839 /* GlobalOverlays.swift in Sources */,
				CB5C431AB69BF972FFB160CB /* HomeStubs.swift in Sources */,
				86DDCC58FA0CF1176A9BDA4A /* IOSStatusBar.swift in Sources */,
				B97F2CD7088F960531EFF66B /* Ic.swift in Sources */,
				5ED1EEDC4A69AC06E29DAEA1 /* KeychainService.swift in Sources */,
				686B91E579379AA4571D92D4 /* LostFoundAPI.swift in Sources */,
				FD707A891E88A4D9A233DEE0 /* MiscRequestsAPI.swift in Sources */,
				D802FA046E6B50B968F5826F /* MyPageStubs.swift in Sources */,
				514CAEBC12DA5C1D83417976 /* NetworkModels.swift in Sources */,
				C75ED6393B19EBBEE7CA1A15 /* OutingsAPI.swift in Sources */,
				F2032E9BF093EAA2F43FEDD8 /* PageHeader.swift in Sources */,
				9F98E4CC9626DDB3E7C20C57 /* PrimaryButton.swift in Sources */,
				691A274F05A44BEB2C3CCA56 /* ReportsAPI.swift in Sources */,
				8F6D452D51998868F8DCCD0C /* RollCallAPI.swift in Sources */,
				37152F10D001AABE5A28885B /* RootView.swift in Sources */,
				B61FB76EA851BC80A2FBBE39 /* Route.swift in Sources */,
				4A8821C5C58789727530CE99 /* RouterStore.swift in Sources */,
				FF1F6559CB40440FDA1C5739 /* SEED.swift in Sources */,
				97C00CD2119310D8F7BC0725 /* ST25DVWriter.swift in Sources */,
				9D5C7625BD899998AEA129C5 /* ScheduleStubs.swift in Sources */,
				717A2649DF90EC3426200B6D /* SeedModels.swift in Sources */,
				4737D096D1DEED27D8472AC0 /* SheetKind.swift in Sources */,
				106D9C75A679DE11CFCD0644 /* SongsAPI.swift in Sources */,
				4EF492AEB1CA2FF4273DBCCF /* StayListStubs.swift in Sources */,
				CB6C60EBF2E8B39D99D2EBFB /* StudentNotificationsAPI.swift in Sources */,
				72E6FABAE44A6BCEEF2FE168 /* StudentProfileAPI.swift in Sources */,
				CF76384DA126CF63F99BE13E /* StudyAPI.swift in Sources */,
				4CC4A649A5CBA03229C7BF17 /* StudyOnlineForm.swift in Sources */,
				3C37F26FA83CA7D697E12260 /* TTokens.swift in Sources */,
				01A670CB8B7B467739C7EA58 /* Toast.swift in Sources */,
				98028465FA560FC57B88380A /* TomoshibiApp.swift in Sources */,
				B44CB0467883974CE94C820A /* TopRollBar.swift in Sources */,
				9D19C569089A3E9876D257CF /* UIAtoms.swift in Sources */,
				FDC8E189629ACE9559758360 /* ViewCompat.swift in Sources */,
			);
			runOnlyForDeploymentPostprocessing = 0;
		};
		79B3BDFE37626C5DD3C07BEF /* Sources */ = {
			isa = PBXSourcesBuildPhase;
			buildActionMask = 2147483647;
			files = (
				C4C7E090591F98DA7AC3A30F /* MailboxPayloadTests.swift in Sources */,
				E4C1958B49FF45489E64274B /* MappingDecodingTests.swift in Sources */,
				C95132AC0325A890FD2EF1AF /* RollStateMachineTests.swift in Sources */,
				53B2C037E5B2B8FCDC16A9D5 /* RoomAssemblyTests.swift in Sources */,
			);
			runOnlyForDeploymentPostprocessing = 0;
		};
/* End PBXSourcesBuildPhase section */

/* Begin PBXTargetDependency section */
		17E3CB59E81B14C80FFC357B /* PBXTargetDependency */ = {
			isa = PBXTargetDependency;
			target = A91187321EBED0A24FCED0C1 /* TomoshibiApp */;
			targetProxy = 4159076E62810301EB1D9479 /* PBXContainerItemProxy */;
		};
/* End PBXTargetDependency section */

/* Begin XCBuildConfiguration section */
		0F9D913EE8324550AF0C0E5C /* Demo */ = {
			isa = XCBuildConfiguration;
			buildSettings = {
				ALWAYS_SEARCH_USER_PATHS = NO;
				CLANG_ANALYZER_NONNULL = YES;
				CLANG_ANALYZER_NUMBER_OBJECT_CONVERSION = YES_AGGRESSIVE;
				CLANG_CXX_LANGUAGE_STANDARD = "gnu++14";
				CLANG_CXX_LIBRARY = "libc++";
				CLANG_ENABLE_MODULES = YES;
				CLANG_ENABLE_OBJC_ARC = YES;
				CLANG_ENABLE_OBJC_WEAK = YES;
				CLANG_WARN_BLOCK_CAPTURE_AUTORELEASING = YES;
				CLANG_WARN_BOOL_CONVERSION = YES;
				CLANG_WARN_COMMA = YES;
				CLANG_WARN_CONSTANT_CONVERSION = YES;
				CLANG_WARN_DEPRECATED_OBJC_IMPLEMENTATIONS = YES;
				CLANG_WARN_DIRECT_OBJC_ISA_USAGE = YES_ERROR;
				CLANG_WARN_DOCUMENTATION_COMMENTS = YES;
				CLANG_WARN_EMPTY_BODY = YES;
				CLANG_WARN_ENUM_CONVERSION = YES;
				CLANG_WARN_INFINITE_RECURSION = YES;
				CLANG_WARN_INT_CONVERSION = YES;
				CLANG_WARN_NON_LITERAL_NULL_CONVERSION = YES;
				CLANG_WARN_OBJC_IMPLICIT_RETAIN_SELF = YES;
				CLANG_WARN_OBJC_LITERAL_CONVERSION = YES;
				CLANG_WARN_OBJC_ROOT_CLASS = YES_ERROR;
				CLANG_WARN_QUOTED_INCLUDE_IN_FRAMEWORK_HEADER = YES;
				CLANG_WARN_RANGE_LOOP_ANALYSIS = YES;
				CLANG_WARN_STRICT_PROTOTYPES = YES;
				CLANG_WARN_SUSPICIOUS_MOVE = YES;
				CLANG_WARN_UNGUARDED_AVAILABILITY = YES_AGGRESSIVE;
				CLANG_WARN_UNREACHABLE_CODE = YES;
				CLANG_WARN__DUPLICATE_METHOD_MATCH = YES;
				CODE_SIGNING_ALLOWED = YES;
				CODE_SIGNING_REQUIRED = YES;
				CODE_SIGN_STYLE = Automatic;
				COPY_PHASE_STRIP = NO;
				DEBUG_INFORMATION_FORMAT = dwarf;
				DEVELOPMENT_TEAM = DCQ2KT5ZA9;
				ENABLE_MODULE_VERIFIER = YES;
				ENABLE_STRICT_OBJC_MSGSEND = YES;
				ENABLE_TESTABILITY = YES;
				ENABLE_USER_SCRIPT_SANDBOXING = YES;
				GCC_C_LANGUAGE_STANDARD = gnu11;
				GCC_DYNAMIC_NO_PIC = NO;
				GCC_NO_COMMON_BLOCKS = YES;
				GCC_OPTIMIZATION_LEVEL = 0;
				GCC_PREPROCESSOR_DEFINITIONS = (
					"$(inherited)",
					"DEBUG=1",
				);
				GCC_WARN_64_TO_32_BIT_CONVERSION = YES;
				GCC_WARN_ABOUT_RETURN_TYPE = YES_ERROR;
				GCC_WARN_UNDECLARED_SELECTOR = YES;
				GCC_WARN_UNINITIALIZED_AUTOS = YES_AGGRESSIVE;
				GCC_WARN_UNUSED_FUNCTION = YES;
				GCC_WARN_UNUSED_VARIABLE = YES;
				IPHONEOS_DEPLOYMENT_TARGET = 16.0;
				MTL_ENABLE_DEBUG_INFO = INCLUDE_SOURCE;
				MTL_FAST_MATH = YES;
				ONLY_ACTIVE_ARCH = YES;
				PRODUCT_NAME = "$(TARGET_NAME)";
				SDKROOT = iphoneos;
				STRING_CATALOG_GENERATE_SYMBOLS = YES;
				SWIFT_ACTIVE_COMPILATION_CONDITIONS = DEBUG;
				SWIFT_OPTIMIZATION_LEVEL = "-Onone";
				SWIFT_STRICT_CONCURRENCY = minimal;
				SWIFT_VERSION = 6.0;
				TARGETED_DEVICE_FAMILY = 1;
			};
			name = Demo;
		};
		1D167AC53DE709DA58B7D40C /* Release */ = {
			isa = XCBuildConfiguration;
			buildSettings = {
				BUNDLE_LOADER = "$(TEST_HOST)";
				CODE_SIGNING_ALLOWED = NO;
				GENERATE_INFOPLIST_FILE = YES;
				IPHONEOS_DEPLOYMENT_TARGET = 16.0;
				LD_RUNPATH_SEARCH_PATHS = (
					"$(inherited)",
					"@executable_path/Frameworks",
					"@loader_path/Frameworks",
				);
				PRODUCT_BUNDLE_IDENTIFIER = com.itsuki.tomoshibi.tests;
				SDKROOT = iphoneos;
				TARGETED_DEVICE_FAMILY = "1,2";
				TEST_HOST = "$(BUILT_PRODUCTS_DIR)/TomoshibiApp.app/TomoshibiApp";
			};
			name = Release;
		};
		1E3BAC2A297050AF92DBBF71 /* Debug */ = {
			isa = XCBuildConfiguration;
			buildSettings = {
				ASSETCATALOG_COMPILER_APPICON_NAME = AppIcon;
				CODE_SIGN_ENTITLEMENTS = TomoshibiApp/TomoshibiApp.entitlements;
				CODE_SIGN_IDENTITY = "iPhone Developer";
				ENABLE_PREVIEWS = YES;
				GENERATE_INFOPLIST_FILE = YES;
				INFOPLIST_KEY_CFBundleDisplayName = Tomoshibi;
				INFOPLIST_KEY_CFBundleShortVersionString = 0.27.0;
				INFOPLIST_KEY_CFBundleVersion = 1;
				INFOPLIST_KEY_ITSAppUsesNonExemptEncryption = NO;
				INFOPLIST_KEY_NFCReaderUsageDescription = "点呼の出席を点呼機に送信するために NFC を使用します";
				INFOPLIST_KEY_NSCameraUsageDescription = "オンライン学習の契約書を撮影するためにカメラを使用します";
				INFOPLIST_KEY_UIApplicationSceneManifest_Generation = YES;
				INFOPLIST_KEY_UILaunchScreen_Generation = YES;
				INFOPLIST_KEY_UIStatusBarStyle = UIStatusBarStyleDefault;
				INFOPLIST_KEY_UISupportedInterfaceOrientations = UIInterfaceOrientationPortrait;
				IPHONEOS_DEPLOYMENT_TARGET = 16.0;
				LD_RUNPATH_SEARCH_PATHS = (
					"$(inherited)",
					"@executable_path/Frameworks",
				);
				OTHER_LDFLAGS = (
					"-weak_framework",
					FoundationModels,
					"-weak_framework",
					Translation,
				);
				PRODUCT_BUNDLE_IDENTIFIER = com.itsuki.tomoshibi;
				PRODUCT_NAME = TomoshibiApp;
				SDKROOT = iphoneos;
				SWIFT_EMIT_LOC_STRINGS = YES;
				TARGETED_DEVICE_FAMILY = "1,2";
			};
			name = Debug;
		};
		23B0233E24CE7CA1862A9E02 /* Release */ = {
			isa = XCBuildConfiguration;
			buildSettings = {
				ALWAYS_SEARCH_USER_PATHS = NO;
				CLANG_ANALYZER_NONNULL = YES;
				CLANG_ANALYZER_NUMBER_OBJECT_CONVERSION = YES_AGGRESSIVE;
				CLANG_CXX_LANGUAGE_STANDARD = "gnu++14";
				CLANG_CXX_LIBRARY = "libc++";
				CLANG_ENABLE_MODULES = YES;
				CLANG_ENABLE_OBJC_ARC = YES;
				CLANG_ENABLE_OBJC_WEAK = YES;
				CLANG_WARN_BLOCK_CAPTURE_AUTORELEASING = YES;
				CLANG_WARN_BOOL_CONVERSION = YES;
				CLANG_WARN_COMMA = YES;
				CLANG_WARN_CONSTANT_CONVERSION = YES;
				CLANG_WARN_DEPRECATED_OBJC_IMPLEMENTATIONS = YES;
				CLANG_WARN_DIRECT_OBJC_ISA_USAGE = YES_ERROR;
				CLANG_WARN_DOCUMENTATION_COMMENTS = YES;
				CLANG_WARN_EMPTY_BODY = YES;
				CLANG_WARN_ENUM_CONVERSION = YES;
				CLANG_WARN_INFINITE_RECURSION = YES;
				CLANG_WARN_INT_CONVERSION = YES;
				CLANG_WARN_NON_LITERAL_NULL_CONVERSION = YES;
				CLANG_WARN_OBJC_IMPLICIT_RETAIN_SELF = YES;
				CLANG_WARN_OBJC_LITERAL_CONVERSION = YES;
				CLANG_WARN_OBJC_ROOT_CLASS = YES_ERROR;
				CLANG_WARN_QUOTED_INCLUDE_IN_FRAMEWORK_HEADER = YES;
				CLANG_WARN_RANGE_LOOP_ANALYSIS = YES;
				CLANG_WARN_STRICT_PROTOTYPES = YES;
				CLANG_WARN_SUSPICIOUS_MOVE = YES;
				CLANG_WARN_UNGUARDED_AVAILABILITY = YES_AGGRESSIVE;
				CLANG_WARN_UNREACHABLE_CODE = YES;
				CLANG_WARN__DUPLICATE_METHOD_MATCH = YES;
				CODE_SIGNING_ALLOWED = YES;
				CODE_SIGNING_REQUIRED = YES;
				CODE_SIGN_STYLE = Automatic;
				COPY_PHASE_STRIP = NO;
				DEBUG_INFORMATION_FORMAT = "dwarf-with-dsym";
				DEVELOPMENT_TEAM = DCQ2KT5ZA9;
				ENABLE_MODULE_VERIFIER = YES;
				ENABLE_NS_ASSERTIONS = NO;
				ENABLE_STRICT_OBJC_MSGSEND = YES;
				ENABLE_USER_SCRIPT_SANDBOXING = YES;
				GCC_C_LANGUAGE_STANDARD = gnu11;
				GCC_NO_COMMON_BLOCKS = YES;
				GCC_WARN_64_TO_32_BIT_CONVERSION = YES;
				GCC_WARN_ABOUT_RETURN_TYPE = YES_ERROR;
				GCC_WARN_UNDECLARED_SELECTOR = YES;
				GCC_WARN_UNINITIALIZED_AUTOS = YES_AGGRESSIVE;
				GCC_WARN_UNUSED_FUNCTION = YES;
				GCC_WARN_UNUSED_VARIABLE = YES;
				IPHONEOS_DEPLOYMENT_TARGET = 16.0;
				MTL_ENABLE_DEBUG_INFO = NO;
				MTL_FAST_MATH = YES;
				PRODUCT_NAME = "$(TARGET_NAME)";
				SDKROOT = iphoneos;
				STRING_CATALOG_GENERATE_SYMBOLS = YES;
				SWIFT_COMPILATION_MODE = wholemodule;
				SWIFT_OPTIMIZATION_LEVEL = "-O";
				SWIFT_STRICT_CONCURRENCY = minimal;
				SWIFT_VERSION = 6.0;
				TARGETED_DEVICE_FAMILY = 1;
			};
			name = Release;
		};
		50422C9D91CDD35D03A8ED20 /* Demo */ = {
			isa = XCBuildConfiguration;
			buildSettings = {
				ASSETCATALOG_COMPILER_APPICON_NAME = AppIcon;
				CODE_SIGN_ENTITLEMENTS = TomoshibiApp/TomoshibiApp.entitlements;
				CODE_SIGN_IDENTITY = "iPhone Developer";
				ENABLE_PREVIEWS = YES;
				GENERATE_INFOPLIST_FILE = YES;
				INFOPLIST_KEY_CFBundleDisplayName = "Tomoshibi Demo";
				INFOPLIST_KEY_CFBundleShortVersionString = 0.27.0;
				INFOPLIST_KEY_CFBundleVersion = 1;
				INFOPLIST_KEY_ITSAppUsesNonExemptEncryption = NO;
				INFOPLIST_KEY_NFCReaderUsageDescription = "点呼の出席を点呼機に送信するために NFC を使用します";
				INFOPLIST_KEY_NSCameraUsageDescription = "オンライン学習の契約書を撮影するためにカメラを使用します";
				INFOPLIST_KEY_UIApplicationSceneManifest_Generation = YES;
				INFOPLIST_KEY_UILaunchScreen_Generation = YES;
				INFOPLIST_KEY_UIStatusBarStyle = UIStatusBarStyleDefault;
				INFOPLIST_KEY_UISupportedInterfaceOrientations = UIInterfaceOrientationPortrait;
				IPHONEOS_DEPLOYMENT_TARGET = 16.0;
				LD_RUNPATH_SEARCH_PATHS = (
					"$(inherited)",
					"@executable_path/Frameworks",
				);
				OTHER_LDFLAGS = (
					"-weak_framework",
					FoundationModels,
					"-weak_framework",
					Translation,
				);
				PRODUCT_BUNDLE_IDENTIFIER = com.itsuki.tomoshibi.demo;
				PRODUCT_NAME = TomoshibiApp;
				SDKROOT = iphoneos;
				SWIFT_ACTIVE_COMPILATION_CONDITIONS = "DEBUG DEMO";
				SWIFT_EMIT_LOC_STRINGS = YES;
				TARGETED_DEVICE_FAMILY = "1,2";
			};
			name = Demo;
		};
		86ADA3F4BE4A4B29AFC0E293 /* Debug */ = {
			isa = XCBuildConfiguration;
			buildSettings = {
				BUNDLE_LOADER = "$(TEST_HOST)";
				CODE_SIGNING_ALLOWED = NO;
				GENERATE_INFOPLIST_FILE = YES;
				IPHONEOS_DEPLOYMENT_TARGET = 16.0;
				LD_RUNPATH_SEARCH_PATHS = (
					"$(inherited)",
					"@executable_path/Frameworks",
					"@loader_path/Frameworks",
				);
				PRODUCT_BUNDLE_IDENTIFIER = com.itsuki.tomoshibi.tests;
				SDKROOT = iphoneos;
				TARGETED_DEVICE_FAMILY = "1,2";
				TEST_HOST = "$(BUILT_PRODUCTS_DIR)/TomoshibiApp.app/TomoshibiApp";
			};
			name = Debug;
		};
		C905404D1623F05CD9E0AA98 /* Debug */ = {
			isa = XCBuildConfiguration;
			buildSettings = {
				ALWAYS_SEARCH_USER_PATHS = NO;
				CLANG_ANALYZER_NONNULL = YES;
				CLANG_ANALYZER_NUMBER_OBJECT_CONVERSION = YES_AGGRESSIVE;
				CLANG_CXX_LANGUAGE_STANDARD = "gnu++14";
				CLANG_CXX_LIBRARY = "libc++";
				CLANG_ENABLE_MODULES = YES;
				CLANG_ENABLE_OBJC_ARC = YES;
				CLANG_ENABLE_OBJC_WEAK = YES;
				CLANG_WARN_BLOCK_CAPTURE_AUTORELEASING = YES;
				CLANG_WARN_BOOL_CONVERSION = YES;
				CLANG_WARN_COMMA = YES;
				CLANG_WARN_CONSTANT_CONVERSION = YES;
				CLANG_WARN_DEPRECATED_OBJC_IMPLEMENTATIONS = YES;
				CLANG_WARN_DIRECT_OBJC_ISA_USAGE = YES_ERROR;
				CLANG_WARN_DOCUMENTATION_COMMENTS = YES;
				CLANG_WARN_EMPTY_BODY = YES;
				CLANG_WARN_ENUM_CONVERSION = YES;
				CLANG_WARN_INFINITE_RECURSION = YES;
				CLANG_WARN_INT_CONVERSION = YES;
				CLANG_WARN_NON_LITERAL_NULL_CONVERSION = YES;
				CLANG_WARN_OBJC_IMPLICIT_RETAIN_SELF = YES;
				CLANG_WARN_OBJC_LITERAL_CONVERSION = YES;
				CLANG_WARN_OBJC_ROOT_CLASS = YES_ERROR;
				CLANG_WARN_QUOTED_INCLUDE_IN_FRAMEWORK_HEADER = YES;
				CLANG_WARN_RANGE_LOOP_ANALYSIS = YES;
				CLANG_WARN_STRICT_PROTOTYPES = YES;
				CLANG_WARN_SUSPICIOUS_MOVE = YES;
				CLANG_WARN_UNGUARDED_AVAILABILITY = YES_AGGRESSIVE;
				CLANG_WARN_UNREACHABLE_CODE = YES;
				CLANG_WARN__DUPLICATE_METHOD_MATCH = YES;
				CODE_SIGNING_ALLOWED = YES;
				CODE_SIGNING_REQUIRED = YES;
				CODE_SIGN_STYLE = Automatic;
				COPY_PHASE_STRIP = NO;
				DEBUG_INFORMATION_FORMAT = dwarf;
				DEVELOPMENT_TEAM = DCQ2KT5ZA9;
				ENABLE_MODULE_VERIFIER = YES;
				ENABLE_STRICT_OBJC_MSGSEND = YES;
				ENABLE_TESTABILITY = YES;
				ENABLE_USER_SCRIPT_SANDBOXING = YES;
				GCC_C_LANGUAGE_STANDARD = gnu11;
				GCC_DYNAMIC_NO_PIC = NO;
				GCC_NO_COMMON_BLOCKS = YES;
				GCC_OPTIMIZATION_LEVEL = 0;
				GCC_PREPROCESSOR_DEFINITIONS = (
					"$(inherited)",
					"DEBUG=1",
				);
				GCC_WARN_64_TO_32_BIT_CONVERSION = YES;
				GCC_WARN_ABOUT_RETURN_TYPE = YES_ERROR;
				GCC_WARN_UNDECLARED_SELECTOR = YES;
				GCC_WARN_UNINITIALIZED_AUTOS = YES_AGGRESSIVE;
				GCC_WARN_UNUSED_FUNCTION = YES;
				GCC_WARN_UNUSED_VARIABLE = YES;
				IPHONEOS_DEPLOYMENT_TARGET = 16.0;
				MTL_ENABLE_DEBUG_INFO = INCLUDE_SOURCE;
				MTL_FAST_MATH = YES;
				ONLY_ACTIVE_ARCH = YES;
				PRODUCT_NAME = "$(TARGET_NAME)";
				SDKROOT = iphoneos;
				STRING_CATALOG_GENERATE_SYMBOLS = YES;
				SWIFT_ACTIVE_COMPILATION_CONDITIONS = DEBUG;
				SWIFT_OPTIMIZATION_LEVEL = "-Onone";
				SWIFT_STRICT_CONCURRENCY = minimal;
				SWIFT_VERSION = 6.0;
				TARGETED_DEVICE_FAMILY = 1;
			};
			name = Debug;
		};
		E87E601C28BF1F60FF3ABB0C /* Release */ = {
			isa = XCBuildConfiguration;
			buildSettings = {
				ASSETCATALOG_COMPILER_APPICON_NAME = AppIcon;
				CODE_SIGN_ENTITLEMENTS = TomoshibiApp/TomoshibiApp.entitlements;
				CODE_SIGN_IDENTITY = "iPhone Developer";
				ENABLE_PREVIEWS = YES;
				GENERATE_INFOPLIST_FILE = YES;
				INFOPLIST_KEY_CFBundleDisplayName = Tomoshibi;
				INFOPLIST_KEY_CFBundleShortVersionString = 0.27.0;
				INFOPLIST_KEY_CFBundleVersion = 1;
				INFOPLIST_KEY_ITSAppUsesNonExemptEncryption = NO;
				INFOPLIST_KEY_NFCReaderUsageDescription = "点呼の出席を点呼機に送信するために NFC を使用します";
				INFOPLIST_KEY_NSCameraUsageDescription = "オンライン学習の契約書を撮影するためにカメラを使用します";
				INFOPLIST_KEY_UIApplicationSceneManifest_Generation = YES;
				INFOPLIST_KEY_UILaunchScreen_Generation = YES;
				INFOPLIST_KEY_UIStatusBarStyle = UIStatusBarStyleDefault;
				INFOPLIST_KEY_UISupportedInterfaceOrientations = UIInterfaceOrientationPortrait;
				IPHONEOS_DEPLOYMENT_TARGET = 16.0;
				LD_RUNPATH_SEARCH_PATHS = (
					"$(inherited)",
					"@executable_path/Frameworks",
				);
				OTHER_LDFLAGS = (
					"-weak_framework",
					FoundationModels,
					"-weak_framework",
					Translation,
				);
				PRODUCT_BUNDLE_IDENTIFIER = com.itsuki.tomoshibi;
				PRODUCT_NAME = TomoshibiApp;
				SDKROOT = iphoneos;
				SWIFT_EMIT_LOC_STRINGS = YES;
				TARGETED_DEVICE_FAMILY = "1,2";
			};
			name = Release;
		};
		FE94FD91C8EC75A0C95F4FE9 /* Demo */ = {
			isa = XCBuildConfiguration;
			buildSettings = {
				BUNDLE_LOADER = "$(TEST_HOST)";
				CODE_SIGNING_ALLOWED = NO;
				GENERATE_INFOPLIST_FILE = YES;
				IPHONEOS_DEPLOYMENT_TARGET = 16.0;
				LD_RUNPATH_SEARCH_PATHS = (
					"$(inherited)",
					"@executable_path/Frameworks",
					"@loader_path/Frameworks",
				);
				PRODUCT_BUNDLE_IDENTIFIER = com.itsuki.tomoshibi.tests;
				SDKROOT = iphoneos;
				TARGETED_DEVICE_FAMILY = "1,2";
				TEST_HOST = "$(BUILT_PRODUCTS_DIR)/TomoshibiApp.app/TomoshibiApp";
			};
			name = Demo;
		};
/* End XCBuildConfiguration section */

/* Begin XCConfigurationList section */
		85CCC4FE2446162A3C3A5C96 /* Build configuration list for PBXNativeTarget "TomoshibiApp" */ = {
			isa = XCConfigurationList;
			buildConfigurations = (
				1E3BAC2A297050AF92DBBF71 /* Debug */,
				50422C9D91CDD35D03A8ED20 /* Demo */,
				E87E601C28BF1F60FF3ABB0C /* Release */,
			);
			defaultConfigurationIsVisible = 0;
			defaultConfigurationName = Debug;
		};
		D0F1784C8CA2DA76D2DAAA9C /* Build configuration list for PBXNativeTarget "TomoshibiAppTests" */ = {
			isa = XCConfigurationList;
			buildConfigurations = (
				86ADA3F4BE4A4B29AFC0E293 /* Debug */,
				FE94FD91C8EC75A0C95F4FE9 /* Demo */,
				1D167AC53DE709DA58B7D40C /* Release */,
			);
			defaultConfigurationIsVisible = 0;
			defaultConfigurationName = Debug;
		};
		E558AE893037B1418936CAF5 /* Build configuration list for PBXProject "TomoshibiApp" */ = {
			isa = XCConfigurationList;
			buildConfigurations = (
				C905404D1623F05CD9E0AA98 /* Debug */,
				0F9D913EE8324550AF0C0E5C /* Demo */,
				23B0233E24CE7CA1862A9E02 /* Release */,
			);
			defaultConfigurationIsVisible = 0;
			defaultConfigurationName = Debug;
		};
/* End XCConfigurationList section */
	};
	rootObject = 20E9B96DECC3EDF120F354D0 /* Project object */;
}
